
Microsoft Visual Studio Solution File, Format Version 12.00
# Visual Studio 15
VisualStudioVersion = 15.0.28307.168
MinimumVisualStudioVersion = 10.0.40219.1
Project("{FAE04EC0-301F-11D3-BF4B-00C04F79EFBC}") = "QuakeAnalysis", "QuakeAnalysis\QuakeAnalysis.csproj", "{0F948D23-BEF0-4B78-9A70-D750465E2192}"
EndProject
Project("{FAE04EC0-301F-11D3-BF4B-00C04F79EFBC}") = "ModisDownloader", "ModisDownloader\ModisDownloader.csproj", "{6F28F9AC-6AD6-4984-AC12-E322E297C26C}"
EndProject
Project("{2150E333-8FDC-42A3-9474-1A3956D46DE8}") = "ModisExe", "ModisExe", "{82D3DC54-04B1-4F88-97A0-91882113A468}"
EndProject
Project("{8BC9CEB8-8B4A-11D0-8D11-00A0C91BC942}") = "proc_MxD021km", "proc_MxD021km\proc_MxD021km.vcxproj", "{50D11EB1-3363-40E3-A77D-78E3E2A095EA}"
EndProject
Project("{8BC9CEB8-8B4A-11D0-8D11-00A0C91BC942}") = "eddy_field", "eddy_field\eddy_field.vcxproj", "{C853203D-1723-4C6E-A89C-1F36ED22CD5F}"
EndProject
Project("{FAE04EC0-301F-11D3-BF4B-00C04F79EFBC}") = "YamlGenerator", "YamlGenerator\YamlGenerator.csproj", "{32E9118E-EC2B-4DDD-9948-D01AAC77752A}"
EndProject
Project("{8BC9CEB8-8B4A-11D0-8D11-00A0C91BC942}") = "modis_api", "modis_api\modis_api.vcxproj", "{2E8B7F32-78F3-4C40-A68D-6F5F95590FEB}"
EndProject
Project("{8BC9CEB8-8B4A-11D0-8D11-00A0C91BC942}") = "general_ano", "general_ano\general_ano.vcxproj", "{EDF87E24-CAA4-4261-85E9-4A6FEA1FCE41}"
EndProject
Project("{8BC9CEB8-8B4A-11D0-8D11-00A0C91BC942}") = "proc_MxD04_3k", "proc_MxD04_3k\proc_MxD04_3k.vcxproj", "{87DB051B-9791-4E80-9F87-C7B8F2BA7134}"
EndProject
Project("{8BC9CEB8-8B4A-11D0-8D11-00A0C91BC942}") = "modis_archive", "modis_archive\modis_archive.vcxproj", "{5800161A-34FA-4122-AC0E-1ADD0683F7C4}"
EndProject
Project("{8BC9CEB8-8B4A-11D0-8D11-00A0C91BC942}") = "proc_MxD05_L2", "proc_MxD05_L2\proc_MxD05_L2.vcxproj", "{94F39B38-CB66-40E1-9EDC-D8D7D7145D67}"
EndProject
Project("{8BC9CEB8-8B4A-11D0-8D11-00A0C91BC942}") = "proc_MxD11A1", "proc_MxD11A1\proc_MxD11A1.vcxproj", "{AF016BDF-FB4B-4BAF-A98E-1529ED9EF994}"
EndProject
Project("{8BC9CEB8-8B4A-11D0-8D11-00A0C91BC942}") = "adsma", "adsma\adsma.vcxproj", "{D76AF8C4-3E01-4C52-9E2F-8EA23ACDD0F5}"
EndProject
Project("{8BC9CEB8-8B4A-11D0-8D11-00A0C91BC942}") = "rst_en", "rst_en\rst_en.vcxproj", "{587B591C-3840-4E32-8CC5-CDBCB9C9F0F2}"
EndProject
Project("{8BC9CEB8-8B4A-11D0-8D11-00A0C91BC942}") = "modis_plot", "modis_plot\modis_plot.vcxproj", "{01228313-8EEF-46AB-82ED-3131B6D3BE36}"
EndProject
Project("{2150E333-8FDC-42A3-9474-1A3956D46DE8}") = "TecExe", "TecExe", "{0165A516-7C62-439C-8D5D-FFD926D0E81C}"
EndProject
Project("{8BC9CEB8-8B4A-11D0-8D11-00A0C91BC942}") = "proc_codg", "proc_codg\proc_codg.vcxproj", "{3AF02D84-044D-4E49-9CE8-64E560467749}"
EndProject
Project("{8BC9CEB8-8B4A-11D0-8D11-00A0C91BC942}") = "proc_jplg", "proc_jplg\proc_jplg.vcxproj", "{BE2ABF2C-3B7E-48B4-905B-A92C7CA51D2A}"
EndProject
Global
	GlobalSection(SolutionConfigurationPlatforms) = preSolution
		Debug|Any CPU = Debug|Any CPU
		Debug|x64 = Debug|x64
		Debug|x86 = Debug|x86
		Release|Any CPU = Release|Any CPU
		Release|x64 = Release|x64
		Release|x86 = Release|x86
	EndGlobalSection
	GlobalSection(ProjectConfigurationPlatforms) = postSolution
		{0F948D23-BEF0-4B78-9A70-D750465E2192}.Debug|Any CPU.ActiveCfg = Debug|Any CPU
		{0F948D23-BEF0-4B78-9A70-D750465E2192}.Debug|Any CPU.Build.0 = Debug|Any CPU
		{0F948D23-BEF0-4B78-9A70-D750465E2192}.Debug|x64.ActiveCfg = Debug|Any CPU
		{0F948D23-BEF0-4B78-9A70-D750465E2192}.Debug|x64.Build.0 = Debug|Any CPU
		{0F948D23-BEF0-4B78-9A70-D750465E2192}.Debug|x86.ActiveCfg = Debug|Any CPU
		{0F948D23-BEF0-4B78-9A70-D750465E2192}.Debug|x86.Build.0 = Debug|Any CPU
		{0F948D23-BEF0-4B78-9A70-D750465E2192}.Release|Any CPU.ActiveCfg = Release|Any CPU
		{0F948D23-BEF0-4B78-9A70-D750465E2192}.Release|Any CPU.Build.0 = Release|Any CPU
		{0F948D23-BEF0-4B78-9A70-D750465E2192}.Release|x64.ActiveCfg = Release|Any CPU
		{0F948D23-BEF0-4B78-9A70-D750465E2192}.Release|x64.Build.0 = Release|Any CPU
		{0F948D23-BEF0-4B78-9A70-D750465E2192}.Release|x86.ActiveCfg = Release|Any CPU
		{0F948D23-BEF0-4B78-9A70-D750465E2192}.Release|x86.Build.0 = Release|Any CPU
		{6F28F9AC-6AD6-4984-AC12-E322E297C26C}.Debug|Any CPU.ActiveCfg = Debug|Any CPU
		{6F28F9AC-6AD6-4984-AC12-E322E297C26C}.Debug|Any CPU.Build.0 = Debug|Any CPU
		{6F28F9AC-6AD6-4984-AC12-E322E297C26C}.Debug|x64.ActiveCfg = Debug|Any CPU
		{6F28F9AC-6AD6-4984-AC12-E322E297C26C}.Debug|x64.Build.0 = Debug|Any CPU
		{6F28F9AC-6AD6-4984-AC12-E322E297C26C}.Debug|x86.ActiveCfg = Debug|Any CPU
		{6F28F9AC-6AD6-4984-AC12-E322E297C26C}.Debug|x86.Build.0 = Debug|Any CPU
		{6F28F9AC-6AD6-4984-AC12-E322E297C26C}.Release|Any CPU.ActiveCfg = Release|Any CPU
		{6F28F9AC-6AD6-4984-AC12-E322E297C26C}.Release|Any CPU.Build.0 = Release|Any CPU
		{6F28F9AC-6AD6-4984-AC12-E322E297C26C}.Release|x64.ActiveCfg = Release|Any CPU
		{6F28F9AC-6AD6-4984-AC12-E322E297C26C}.Release|x64.Build.0 = Release|Any CPU
		{6F28F9AC-6AD6-4984-AC12-E322E297C26C}.Release|x86.ActiveCfg = Release|Any CPU
		{6F28F9AC-6AD6-4984-AC12-E322E297C26C}.Release|x86.Build.0 = Release|Any CPU
		{50D11EB1-3363-40E3-A77D-78E3E2A095EA}.Debug|Any CPU.ActiveCfg = Debug|Win32
		{50D11EB1-3363-40E3-A77D-78E3E2A095EA}.Debug|x64.ActiveCfg = Debug|x64
		{50D11EB1-3363-40E3-A77D-78E3E2A095EA}.Debug|x64.Build.0 = Debug|x64
		{50D11EB1-3363-40E3-A77D-78E3E2A095EA}.Debug|x86.ActiveCfg = Debug|Win32
		{50D11EB1-3363-40E3-A77D-78E3E2A095EA}.Debug|x86.Build.0 = Debug|Win32
		{50D11EB1-3363-40E3-A77D-78E3E2A095EA}.Release|Any CPU.ActiveCfg = Release|Win32
		{50D11EB1-3363-40E3-A77D-78E3E2A095EA}.Release|x64.ActiveCfg = Release|x64
		{50D11EB1-3363-40E3-A77D-78E3E2A095EA}.Release|x64.Build.0 = Release|x64
		{50D11EB1-3363-40E3-A77D-78E3E2A095EA}.Release|x86.ActiveCfg = Release|Win32
		{50D11EB1-3363-40E3-A77D-78E3E2A095EA}.Release|x86.Build.0 = Release|Win32
		{C853203D-1723-4C6E-A89C-1F36ED22CD5F}.Debug|Any CPU.ActiveCfg = Debug|Win32
		{C853203D-1723-4C6E-A89C-1F36ED22CD5F}.Debug|x64.ActiveCfg = Debug|x64
		{C853203D-1723-4C6E-A89C-1F36ED22CD5F}.Debug|x64.Build.0 = Debug|x64
		{C853203D-1723-4C6E-A89C-1F36ED22CD5F}.Debug|x86.ActiveCfg = Debug|Win32
		{C853203D-1723-4C6E-A89C-1F36ED22CD5F}.Debug|x86.Build.0 = Debug|Win32
		{C853203D-1723-4C6E-A89C-1F36ED22CD5F}.Release|Any CPU.ActiveCfg = Release|Win32
		{C853203D-1723-4C6E-A89C-1F36ED22CD5F}.Release|x64.ActiveCfg = Release|x64
		{C853203D-1723-4C6E-A89C-1F36ED22CD5F}.Release|x64.Build.0 = Release|x64
		{C853203D-1723-4C6E-A89C-1F36ED22CD5F}.Release|x86.ActiveCfg = Release|Win32
		{C853203D-1723-4C6E-A89C-1F36ED22CD5F}.Release|x86.Build.0 = Release|Win32
		{32E9118E-EC2B-4DDD-9948-D01AAC77752A}.Debug|Any CPU.ActiveCfg = Debug|Any CPU
		{32E9118E-EC2B-4DDD-9948-D01AAC77752A}.Debug|Any CPU.Build.0 = Debug|Any CPU
		{32E9118E-EC2B-4DDD-9948-D01AAC77752A}.Debug|x64.ActiveCfg = Debug|Any CPU
		{32E9118E-EC2B-4DDD-9948-D01AAC77752A}.Debug|x64.Build.0 = Debug|Any CPU
		{32E9118E-EC2B-4DDD-9948-D01AAC77752A}.Debug|x86.ActiveCfg = Debug|Any CPU
		{32E9118E-EC2B-4DDD-9948-D01AAC77752A}.Debug|x86.Build.0 = Debug|Any CPU
		{32E9118E-EC2B-4DDD-9948-D01AAC77752A}.Release|Any CPU.ActiveCfg = Release|Any CPU
		{32E9118E-EC2B-4DDD-9948-D01AAC77752A}.Release|Any CPU.Build.0 = Release|Any CPU
		{32E9118E-EC2B-4DDD-9948-D01AAC77752A}.Release|x64.ActiveCfg = Release|Any CPU
		{32E9118E-EC2B-4DDD-9948-D01AAC77752A}.Release|x64.Build.0 = Release|Any CPU
		{32E9118E-EC2B-4DDD-9948-D01AAC77752A}.Release|x86.ActiveCfg = Release|Any CPU
		{32E9118E-EC2B-4DDD-9948-D01AAC77752A}.Release|x86.Build.0 = Release|Any CPU
		{2E8B7F32-78F3-4C40-A68D-6F5F95590FEB}.Debug|Any CPU.ActiveCfg = Debug|Win32
		{2E8B7F32-78F3-4C40-A68D-6F5F95590FEB}.Debug|x64.ActiveCfg = Debug|x64
		{2E8B7F32-78F3-4C40-A68D-6F5F95590FEB}.Debug|x64.Build.0 = Debug|x64
		{2E8B7F32-78F3-4C40-A68D-6F5F95590FEB}.Debug|x86.ActiveCfg = Debug|Win32
		{2E8B7F32-78F3-4C40-A68D-6F5F95590FEB}.Debug|x86.Build.0 = Debug|Win32
		{2E8B7F32-78F3-4C40-A68D-6F5F95590FEB}.Release|Any CPU.ActiveCfg = Release|Win32
		{2E8B7F32-78F3-4C40-A68D-6F5F95590FEB}.Release|x64.ActiveCfg = Release|x64
		{2E8B7F32-78F3-4C40-A68D-6F5F95590FEB}.Release|x64.Build.0 = Release|x64
		{2E8B7F32-78F3-4C40-A68D-6F5F95590FEB}.Release|x86.ActiveCfg = Release|Win32
		{2E8B7F32-78F3-4C40-A68D-6F5F95590FEB}.Release|x86.Build.0 = Release|Win32
		{EDF87E24-CAA4-4261-85E9-4A6FEA1FCE41}.Debug|Any CPU.ActiveCfg = Debug|Win32
		{EDF87E24-CAA4-4261-85E9-4A6FEA1FCE41}.Debug|x64.ActiveCfg = Debug|x64
		{EDF87E24-CAA4-4261-85E9-4A6FEA1FCE41}.Debug|x64.Build.0 = Debug|x64
		{EDF87E24-CAA4-4261-85E9-4A6FEA1FCE41}.Debug|x86.ActiveCfg = Debug|Win32
		{EDF87E24-CAA4-4261-85E9-4A6FEA1FCE41}.Debug|x86.Build.0 = Debug|Win32
		{EDF87E24-CAA4-4261-85E9-4A6FEA1FCE41}.Release|Any CPU.ActiveCfg = Release|Win32
		{EDF87E24-CAA4-4261-85E9-4A6FEA1FCE41}.Release|x64.ActiveCfg = Release|x64
		{EDF87E24-CAA4-4261-85E9-4A6FEA1FCE41}.Release|x64.Build.0 = Release|x64
		{EDF87E24-CAA4-4261-85E9-4A6FEA1FCE41}.Release|x86.ActiveCfg = Release|Win32
		{EDF87E24-CAA4-4261-85E9-4A6FEA1FCE41}.Release|x86.Build.0 = Release|Win32
		{87DB051B-9791-4E80-9F87-C7B8F2BA7134}.Debug|Any CPU.ActiveCfg = Debug|Win32
		{87DB051B-9791-4E80-9F87-C7B8F2BA7134}.Debug|x64.ActiveCfg = Debug|x64
		{87DB051B-9791-4E80-9F87-C7B8F2BA7134}.Debug|x64.Build.0 = Debug|x64
		{87DB051B-9791-4E80-9F87-C7B8F2BA7134}.Debug|x86.ActiveCfg = Debug|Win32
		{87DB051B-9791-4E80-9F87-C7B8F2BA7134}.Debug|x86.Build.0 = Debug|Win32
		{87DB051B-9791-4E80-9F87-C7B8F2BA7134}.Release|Any CPU.ActiveCfg = Release|Win32
		{87DB051B-9791-4E80-9F87-C7B8F2BA7134}.Release|x64.ActiveCfg = Release|x64
		{87DB051B-9791-4E80-9F87-C7B8F2BA7134}.Release|x64.Build.0 = Release|x64
		{87DB051B-9791-4E80-9F87-C7B8F2BA7134}.Release|x86.ActiveCfg = Release|Win32
		{87DB051B-9791-4E80-9F87-C7B8F2BA7134}.Release|x86.Build.0 = Release|Win32
		{5800161A-34FA-4122-AC0E-1ADD0683F7C4}.Debug|Any CPU.ActiveCfg = Debug|Win32
		{5800161A-34FA-4122-AC0E-1ADD0683F7C4}.Debug|x64.ActiveCfg = Debug|x64
		{5800161A-34FA-4122-AC0E-1ADD0683F7C4}.Debug|x64.Build.0 = Debug|x64
		{5800161A-34FA-4122-AC0E-1ADD0683F7C4}.Debug|x86.ActiveCfg = Debug|Win32
		{5800161A-34FA-4122-AC0E-1ADD0683F7C4}.Debug|x86.Build.0 = Debug|Win32
		{5800161A-34FA-4122-AC0E-1ADD0683F7C4}.Release|Any CPU.ActiveCfg = Release|Win32
		{5800161A-34FA-4122-AC0E-1ADD0683F7C4}.Release|x64.ActiveCfg = Release|x64
		{5800161A-34FA-4122-AC0E-1ADD0683F7C4}.Release|x64.Build.0 = Release|x64
		{5800161A-34FA-4122-AC0E-1ADD0683F7C4}.Release|x86.ActiveCfg = Release|Win32
		{5800161A-34FA-4122-AC0E-1ADD0683F7C4}.Release|x86.Build.0 = Release|Win32
		{94F39B38-CB66-40E1-9EDC-D8D7D7145D67}.Debug|Any CPU.ActiveCfg = Debug|Win32
		{94F39B38-CB66-40E1-9EDC-D8D7D7145D67}.Debug|x64.ActiveCfg = Debug|x64
		{94F39B38-CB66-40E1-9EDC-D8D7D7145D67}.Debug|x64.Build.0 = Debug|x64
		{94F39B38-CB66-40E1-9EDC-D8D7D7145D67}.Debug|x86.ActiveCfg = Debug|Win32
		{94F39B38-CB66-40E1-9EDC-D8D7D7145D67}.Debug|x86.Build.0 = Debug|Win32
		{94F39B38-CB66-40E1-9EDC-D8D7D7145D67}.Release|Any CPU.ActiveCfg = Release|Win32
		{94F39B38-CB66-40E1-9EDC-D8D7D7145D67}.Release|x64.ActiveCfg = Release|x64
		{94F39B38-CB66-40E1-9EDC-D8D7D7145D67}.Release|x64.Build.0 = Release|x64
		{94F39B38-CB66-40E1-9EDC-D8D7D7145D67}.Release|x86.ActiveCfg = Release|Win32
		{94F39B38-CB66-40E1-9EDC-D8D7D7145D67}.Release|x86.Build.0 = Release|Win32
		{AF016BDF-FB4B-4BAF-A98E-1529ED9EF994}.Debug|Any CPU.ActiveCfg = Debug|Win32
		{AF016BDF-FB4B-4BAF-A98E-1529ED9EF994}.Debug|x64.ActiveCfg = Debug|x64
		{AF016BDF-FB4B-4BAF-A98E-1529ED9EF994}.Debug|x64.Build.0 = Debug|x64
		{AF016BDF-FB4B-4BAF-A98E-1529ED9EF994}.Debug|x86.ActiveCfg = Debug|Win32
		{AF016BDF-FB4B-4BAF-A98E-1529ED9EF994}.Debug|x86.Build.0 = Debug|Win32
		{AF016BDF-FB4B-4BAF-A98E-1529ED9EF994}.Release|Any CPU.ActiveCfg = Release|Win32
		{AF016BDF-FB4B-4BAF-A98E-1529ED9EF994}.Release|x64.ActiveCfg = Release|x64
		{AF016BDF-FB4B-4BAF-A98E-1529ED9EF994}.Release|x64.Build.0 = Release|x64
		{AF016BDF-FB4B-4BAF-A98E-1529ED9EF994}.Release|x86.ActiveCfg = Release|Win32
		{AF016BDF-FB4B-4BAF-A98E-1529ED9EF994}.Release|x86.Build.0 = Release|Win32
		{D76AF8C4-3E01-4C52-9E2F-8EA23ACDD0F5}.Debug|Any CPU.ActiveCfg = Debug|Win32
		{D76AF8C4-3E01-4C52-9E2F-8EA23ACDD0F5}.Debug|x64.ActiveCfg = Debug|x64
		{D76AF8C4-3E01-4C52-9E2F-8EA23ACDD0F5}.Debug|x64.Build.0 = Debug|x64
		{D76AF8C4-3E01-4C52-9E2F-8EA23ACDD0F5}.Debug|x86.ActiveCfg = Debug|Win32
		{D76AF8C4-3E01-4C52-9E2F-8EA23ACDD0F5}.Debug|x86.Build.0 = Debug|Win32
		{D76AF8C4-3E01-4C52-9E2F-8EA23ACDD0F5}.Release|Any CPU.ActiveCfg = Release|Win32
		{D76AF8C4-3E01-4C52-9E2F-8EA23ACDD0F5}.Release|x64.ActiveCfg = Release|x64
		{D76AF8C4-3E01-4C52-9E2F-8EA23ACDD0F5}.Release|x64.Build.0 = Release|x64
		{D76AF8C4-3E01-4C52-9E2F-8EA23ACDD0F5}.Release|x86.ActiveCfg = Release|Win32
		{D76AF8C4-3E01-4C52-9E2F-8EA23ACDD0F5}.Release|x86.Build.0 = Release|Win32
		{587B591C-3840-4E32-8CC5-CDBCB9C9F0F2}.Debug|Any CPU.ActiveCfg = Debug|Win32
		{587B591C-3840-4E32-8CC5-CDBCB9C9F0F2}.Debug|x64.ActiveCfg = Debug|x64
		{587B591C-3840-4E32-8CC5-CDBCB9C9F0F2}.Debug|x64.Build.0 = Debug|x64
		{587B591C-3840-4E32-8CC5-CDBCB9C9F0F2}.Debug|x86.ActiveCfg = Debug|Win32
		{587B591C-3840-4E32-8CC5-CDBCB9C9F0F2}.Debug|x86.Build.0 = Debug|Win32
		{587B591C-3840-4E32-8CC5-CDBCB9C9F0F2}.Release|Any CPU.ActiveCfg = Release|Win32
		{587B591C-3840-4E32-8CC5-CDBCB9C9F0F2}.Release|x64.ActiveCfg = Release|x64
		{587B591C-3840-4E32-8CC5-CDBCB9C9F0F2}.Release|x64.Build.0 = Release|x64
		{587B591C-3840-4E32-8CC5-CDBCB9C9F0F2}.Release|x86.ActiveCfg = Release|Win32
		{587B591C-3840-4E32-8CC5-CDBCB9C9F0F2}.Release|x86.Build.0 = Release|Win32
		{01228313-8EEF-46AB-82ED-3131B6D3BE36}.Debug|Any CPU.ActiveCfg = Debug|Win32
		{01228313-8EEF-46AB-82ED-3131B6D3BE36}.Debug|x64.ActiveCfg = Debug|x64
		{01228313-8EEF-46AB-82ED-3131B6D3BE36}.Debug|x64.Build.0 = Debug|x64
		{01228313-8EEF-46AB-82ED-3131B6D3BE36}.Debug|x86.ActiveCfg = Debug|Win32
		{01228313-8EEF-46AB-82ED-3131B6D3BE36}.Debug|x86.Build.0 = Debug|Win32
		{01228313-8EEF-46AB-82ED-3131B6D3BE36}.Release|Any CPU.ActiveCfg = Release|Win32
		{01228313-8EEF-46AB-82ED-3131B6D3BE36}.Release|x64.ActiveCfg = Release|x64
		{01228313-8EEF-46AB-82ED-3131B6D3BE36}.Release|x64.Build.0 = Release|x64
		{01228313-8EEF-46AB-82ED-3131B6D3BE36}.Release|x86.ActiveCfg = Release|Win32
		{01228313-8EEF-46AB-82ED-3131B6D3BE36}.Release|x86.Build.0 = Release|Win32
		{3AF02D84-044D-4E49-9CE8-64E560467749}.Debug|Any CPU.ActiveCfg = Debug|Win32
		{3AF02D84-044D-4E49-9CE8-64E560467749}.Debug|x64.ActiveCfg = Debug|x64
		{3AF02D84-044D-4E49-9CE8-64E560467749}.Debug|x64.Build.0 = Debug|x64
		{3AF02D84-044D-4E49-9CE8-64E560467749}.Debug|x86.ActiveCfg = Debug|Win32
		{3AF02D84-044D-4E49-9CE8-64E560467749}.Debug|x86.Build.0 = Debug|Win32
		{3AF02D84-044D-4E49-9CE8-64E560467749}.Release|Any CPU.ActiveCfg = Release|Win32
		{3AF02D84-044D-4E49-9CE8-64E560467749}.Release|x64.ActiveCfg = Release|x64
		{3AF02D84-044D-4E49-9CE8-64E560467749}.Release|x64.Build.0 = Release|x64
		{3AF02D84-044D-4E49-9CE8-64E560467749}.Release|x86.ActiveCfg = Release|Win32
		{3AF02D84-044D-4E49-9CE8-64E560467749}.Release|x86.Build.0 = Release|Win32
		{BE2ABF2C-3B7E-48B4-905B-A92C7CA51D2A}.Debug|Any CPU.ActiveCfg = Debug|Win32
		{BE2ABF2C-3B7E-48B4-905B-A92C7CA51D2A}.Debug|x64.ActiveCfg = Debug|x64
		{BE2ABF2C-3B7E-48B4-905B-A92C7CA51D2A}.Debug|x64.Build.0 = Debug|x64
		{BE2ABF2C-3B7E-48B4-905B-A92C7CA51D2A}.Debug|x86.ActiveCfg = Debug|Win32
		{BE2ABF2C-3B7E-48B4-905B-A92C7CA51D2A}.Debug|x86.Build.0 = Debug|Win32
		{BE2ABF2C-3B7E-48B4-905B-A92C7CA51D2A}.Release|Any CPU.ActiveCfg = Release|Win32
		{BE2ABF2C-3B7E-48B4-905B-A92C7CA51D2A}.Release|x64.ActiveCfg = Release|x64
		{BE2ABF2C-3B7E-48B4-905B-A92C7CA51D2A}.Release|x64.Build.0 = Release|x64
		{BE2ABF2C-3B7E-48B4-905B-A92C7CA51D2A}.Release|x86.ActiveCfg = Release|Win32
		{BE2ABF2C-3B7E-48B4-905B-A92C7CA51D2A}.Release|x86.Build.0 = Release|Win32
	EndGlobalSection
	GlobalSection(SolutionProperties) = preSolution
		HideSolutionNode = FALSE
	EndGlobalSection
	GlobalSection(NestedProjects) = preSolution
		{50D11EB1-3363-40E3-A77D-78E3E2A095EA} = {82D3DC54-04B1-4F88-97A0-91882113A468}
		{C853203D-1723-4C6E-A89C-1F36ED22CD5F} = {82D3DC54-04B1-4F88-97A0-91882113A468}
		{2E8B7F32-78F3-4C40-A68D-6F5F95590FEB} = {82D3DC54-04B1-4F88-97A0-91882113A468}
		{EDF87E24-CAA4-4261-85E9-4A6FEA1FCE41} = {82D3DC54-04B1-4F88-97A0-91882113A468}
		{87DB051B-9791-4E80-9F87-C7B8F2BA7134} = {82D3DC54-04B1-4F88-97A0-91882113A468}
		{5800161A-34FA-4122-AC0E-1ADD0683F7C4} = {82D3DC54-04B1-4F88-97A0-91882113A468}
		{94F39B38-CB66-40E1-9EDC-D8D7D7145D67} = {82D3DC54-04B1-4F88-97A0-91882113A468}
		{AF016BDF-FB4B-4BAF-A98E-1529ED9EF994} = {82D3DC54-04B1-4F88-97A0-91882113A468}
		{D76AF8C4-3E01-4C52-9E2F-8EA23ACDD0F5} = {82D3DC54-04B1-4F88-97A0-91882113A468}
		{587B591C-3840-4E32-8CC5-CDBCB9C9F0F2} = {82D3DC54-04B1-4F88-97A0-91882113A468}
		{01228313-8EEF-46AB-82ED-3131B6D3BE36} = {82D3DC54-04B1-4F88-97A0-91882113A468}
		{3AF02D84-044D-4E49-9CE8-64E560467749} = {0165A516-7C62-439C-8D5D-FFD926D0E81C}
		{BE2ABF2C-3B7E-48B4-905B-A92C7CA51D2A} = {0165A516-7C62-439C-8D5D-FFD926D0E81C}
	EndGlobalSection
	GlobalSection(ExtensibilityGlobals) = postSolution
		SolutionGuid = {F4216F7C-9F2D-47D1-84E5-BE8226FC706B}
	EndGlobalSection
EndGlobal
